// !$*UTF8*$!
{
	archiveVersion = 1;
	classes = {
	};
	objectVersion = 50;
	objects = {

/* Begin PBXBuildFile section */
		EC9F7F5620EFF279007294FD /* AppDelegate.swift in Sources */ = {isa = PBXBuildFile; fileRef = EC9F7F5520EFF279007294FD /* AppDelegate.swift */; };
		EC9F7F5820EFF279007294FD /* ViewController.swift in Sources */ = {isa = PBXBuildFile; fileRef = EC9F7F5720EFF279007294FD /* ViewController.swift */; };
		EC9F7F5B20EFF279007294FD /* Main.storyboard in Resources */ = {isa = PBXBuildFile; fileRef = EC9F7F5920EFF279007294FD /* Main.storyboard */; };
		EC9F7F5E20EFF279007294FD /* painttheworld.xcdatamodeld in Sources */ = {isa = PBXBuildFile; fileRef = EC9F7F5C20EFF279007294FD /* painttheworld.xcdatamodeld */; };
		EC9F7F6020EFF27B007294FD /* Assets.xcassets in Resources */ = {isa = PBXBuildFile; fileRef = EC9F7F5F20EFF27B007294FD /* Assets.xcassets */; };
		EC9F7F6320EFF27B007294FD /* LaunchScreen.storyboard in Resources */ = {isa = PBXBuildFile; fileRef = EC9F7F6120EFF27B007294FD /* LaunchScreen.storyboard */; };
		EC9F7F6E20EFF27B007294FD /* painttheworldTests.swift in Sources */ = {isa = PBXBuildFile; fileRef = EC9F7F6D20EFF27B007294FD /* painttheworldTests.swift */; };
		EC9F7F7920EFF27B007294FD /* painttheworldUITests.swift in Sources */ = {isa = PBXBuildFile; fileRef = EC9F7F7820EFF27B007294FD /* painttheworldUITests.swift */; };
		EC9F7F8820EFF2B7007294FD /* MapKit.framework in Frameworks */ = {isa = PBXBuildFile; fileRef = EC9F7F8720EFF2B7007294FD /* MapKit.framework */; };
		EC9F7F8A20F006E0007294FD /* LocationManager.swift in Sources */ = {isa = PBXBuildFile; fileRef = EC9F7F8920F006E0007294FD /* LocationManager.swift */; };
		EC9F7F8D20F00BDD007294FD /* CoreLocation.framework in Frameworks */ = {isa = PBXBuildFile; fileRef = EC9F7F8C20F00BDD007294FD /* CoreLocation.framework */; };
/* End PBXBuildFile section */

/* Begin PBXContainerItemProxy section */
		EC9F7F6A20EFF27B007294FD /* PBXContainerItemProxy */ = {
			isa = PBXContainerItemProxy;
			containerPortal = EC9F7F4A20EFF279007294FD /* Project object */;
			proxyType = 1;
			remoteGlobalIDString = EC9F7F5120EFF279007294FD;
			remoteInfo = painttheworld;
		};
		EC9F7F7520EFF27B007294FD /* PBXContainerItemProxy */ = {
			isa = PBXContainerItemProxy;
			containerPortal = EC9F7F4A20EFF279007294FD /* Project object */;
			proxyType = 1;
			remoteGlobalIDString = EC9F7F5120EFF279007294FD;
			remoteInfo = painttheworld;
		};
/* End PBXContainerItemProxy section */

/* Begin PBXFileReference section */
		EC9F7F5220EFF279007294FD /* painttheworld.app */ = {isa = PBXFileReference; explicitFileType = wrapper.application; includeInIndex = 0; path = painttheworld.app; sourceTree = BUILT_PRODUCTS_DIR; };
		EC9F7F5520EFF279007294FD /* AppDelegate.swift */ = {isa = PBXFileReference; lastKnownFileType = sourcecode.swift; path = AppDelegate.swift; sourceTree = "<group>"; };
		EC9F7F5720EFF279007294FD /* ViewController.swift */ = {isa = PBXFileReference; lastKnownFileType = sourcecode.swift; path = ViewController.swift; sourceTree = "<group>"; };
		EC9F7F5A20EFF279007294FD /* Base */ = {isa = PBXFileReference; lastKnownFileType = file.storyboard; name = Base; path = Base.lproj/Main.storyboard; sourceTree = "<group>"; };
		EC9F7F5D20EFF279007294FD /* painttheworld.xcdatamodel */ = {isa = PBXFileReference; lastKnownFileType = wrapper.xcdatamodel; path = painttheworld.xcdatamodel; sourceTree = "<group>"; };
		EC9F7F5F20EFF27B007294FD /* Assets.xcassets */ = {isa = PBXFileReference; lastKnownFileType = folder.assetcatalog; path = Assets.xcassets; sourceTree = "<group>"; };
		EC9F7F6220EFF27B007294FD /* Base */ = {isa = PBXFileReference; lastKnownFileType = file.storyboard; name = Base; path = Base.lproj/LaunchScreen.storyboard; sourceTree = "<group>"; };
		EC9F7F6420EFF27B007294FD /* Info.plist */ = {isa = PBXFileReference; lastKnownFileType = text.plist.xml; path = Info.plist; sourceTree = "<group>"; };
		EC9F7F6920EFF27B007294FD /* painttheworldTests.xctest */ = {isa = PBXFileReference; explicitFileType = wrapper.cfbundle; includeInIndex = 0; path = painttheworldTests.xctest; sourceTree = BUILT_PRODUCTS_DIR; };
		EC9F7F6D20EFF27B007294FD /* painttheworldTests.swift */ = {isa = PBXFileReference; lastKnownFileType = sourcecode.swift; path = painttheworldTests.swift; sourceTree = "<group>"; };
		EC9F7F6F20EFF27B007294FD /* Info.plist */ = {isa = PBXFileReference; lastKnownFileType = text.plist.xml; path = Info.plist; sourceTree = "<group>"; };
		EC9F7F7420EFF27B007294FD /* painttheworldUITests.xctest */ = {isa = PBXFileReference; explicitFileType = wrapper.cfbundle; includeInIndex = 0; path = painttheworldUITests.xctest; sourceTree = BUILT_PRODUCTS_DIR; };
		EC9F7F7820EFF27B007294FD /* painttheworldUITests.swift */ = {isa = PBXFileReference; lastKnownFileType = sourcecode.swift; path = painttheworldUITests.swift; sourceTree = "<group>"; };
		EC9F7F7A20EFF27B007294FD /* Info.plist */ = {isa = PBXFileReference; lastKnownFileType = text.plist.xml; path = Info.plist; sourceTree = "<group>"; };
		EC9F7F8720EFF2B7007294FD /* MapKit.framework */ = {isa = PBXFileReference; lastKnownFileType = wrapper.framework; name = MapKit.framework; path = System/Library/Frameworks/MapKit.framework; sourceTree = SDKROOT; };
		EC9F7F8920F006E0007294FD /* LocationManager.swift */ = {isa = PBXFileReference; lastKnownFileType = sourcecode.swift; path = LocationManager.swift; sourceTree = "<group>"; };
		EC9F7F8B20F00758007294FD /* LocationManager.swift */ = {isa = PBXFileReference; lastKnownFileType = sourcecode.swift; name = LocationManager.swift; path = painttheworld/LocationManager.swift; sourceTree = "<group>"; };
		EC9F7F8C20F00BDD007294FD /* CoreLocation.framework */ = {isa = PBXFileReference; lastKnownFileType = wrapper.framework; name = CoreLocation.framework; path = System/Library/Frameworks/CoreLocation.framework; sourceTree = SDKROOT; };
/* End PBXFileReference section */

/* Begin PBXFrameworksBuildPhase section */
		EC9F7F4F20EFF279007294FD /* Frameworks */ = {
			isa = PBXFrameworksBuildPhase;
			buildActionMask = 2147483647;
			files = (
				EC9F7F8D20F00BDD007294FD /* CoreLocation.framework in Frameworks */,
				EC9F7F8820EFF2B7007294FD /* MapKit.framework in Frameworks */,
			);
			runOnlyForDeploymentPostprocessing = 0;
		};
		EC9F7F6620EFF27B007294FD /* Frameworks */ = {
			isa = PBXFrameworksBuildPhase;
			buildActionMask = 2147483647;
			files = (
			);
			runOnlyForDeploymentPostprocessing = 0;
		};
		EC9F7F7120EFF27B007294FD /* Frameworks */ = {
			isa = PBXFrameworksBuildPhase;
			buildActionMask = 2147483647;
			files = (
			);
			runOnlyForDeploymentPostprocessing = 0;
		};
/* End PBXFrameworksBuildPhase section */

/* Begin PBXGroup section */
		EC9F7F4920EFF279007294FD = {
			isa = PBXGroup;
			children = (
				EC9F7F8B20F00758007294FD /* LocationManager.swift */,
				EC9F7F5420EFF279007294FD /* painttheworld */,
				EC9F7F6C20EFF27B007294FD /* painttheworldTests */,
				EC9F7F7720EFF27B007294FD /* painttheworldUITests */,
				EC9F7F5320EFF279007294FD /* Products */,
				EC9F7F8620EFF2B7007294FD /* Frameworks */,
			);
			sourceTree = "<group>";
		};
		EC9F7F5320EFF279007294FD /* Products */ = {
			isa = PBXGroup;
			children = (
				EC9F7F5220EFF279007294FD /* painttheworld.app */,
				EC9F7F6920EFF27B007294FD /* painttheworldTests.xctest */,
				EC9F7F7420EFF27B007294FD /* painttheworldUITests.xctest */,
			);
			name = Products;
			sourceTree = "<group>";
		};
		EC9F7F5420EFF279007294FD /* painttheworld */ = {
			isa = PBXGroup;
			children = (
				EC9F7F5520EFF279007294FD /* AppDelegate.swift */,
				EC9F7F5720EFF279007294FD /* ViewController.swift */,
				EC9F7F5920EFF279007294FD /* Main.storyboard */,
				EC9F7F5F20EFF27B007294FD /* Assets.xcassets */,
				EC9F7F6120EFF27B007294FD /* LaunchScreen.storyboard */,
				EC9F7F6420EFF27B007294FD /* Info.plist */,
				EC9F7F5C20EFF279007294FD /* painttheworld.xcdatamodeld */,
				EC9F7F8920F006E0007294FD /* LocationManager.swift */,
			);
			path = painttheworld;
			sourceTree = "<group>";
		};
		EC9F7F6C20EFF27B007294FD /* painttheworldTests */ = {
			isa = PBXGroup;
			children = (
				EC9F7F6D20EFF27B007294FD /* painttheworldTests.swift */,
				EC9F7F6F20EFF27B007294FD /* Info.plist */,
			);
			path = painttheworldTests;
			sourceTree = "<group>";
		};
		EC9F7F7720EFF27B007294FD /* painttheworldUITests */ = {
			isa = PBXGroup;
			children = (
				EC9F7F7820EFF27B007294FD /* painttheworldUITests.swift */,
				EC9F7F7A20EFF27B007294FD /* Info.plist */,
			);
			path = painttheworldUITests;
			sourceTree = "<group>";
		};
		EC9F7F8620EFF2B7007294FD /* Frameworks */ = {
			isa = PBXGroup;
			children = (
				EC9F7F8C20F00BDD007294FD /* CoreLocation.framework */,
				EC9F7F8720EFF2B7007294FD /* MapKit.framework */,
			);
			name = Frameworks;
			sourceTree = "<group>";
		};
/* End PBXGroup section */

/* Begin PBXNativeTarget section */
		EC9F7F5120EFF279007294FD /* painttheworld */ = {
			isa = PBXNativeTarget;
			buildConfigurationList = EC9F7F7D20EFF27B007294FD /* Build configuration list for PBXNativeTarget "painttheworld" */;
			buildPhases = (
				EC9F7F4E20EFF279007294FD /* Sources */,
				EC9F7F4F20EFF279007294FD /* Frameworks */,
				EC9F7F5020EFF279007294FD /* Resources */,
			);
			buildRules = (
			);
			dependencies = (
			);
			name = painttheworld;
			productName = painttheworld;
			productReference = EC9F7F5220EFF279007294FD /* painttheworld.app */;
			productType = "com.apple.product-type.application";
		};
		EC9F7F6820EFF27B007294FD /* painttheworldTests */ = {
			isa = PBXNativeTarget;
			buildConfigurationList = EC9F7F8020EFF27B007294FD /* Build configuration list for PBXNativeTarget "painttheworldTests" */;
			buildPhases = (
				EC9F7F6520EFF27B007294FD /* Sources */,
				EC9F7F6620EFF27B007294FD /* Frameworks */,
				EC9F7F6720EFF27B007294FD /* Resources */,
			);
			buildRules = (
			);
			dependencies = (
				EC9F7F6B20EFF27B007294FD /* PBXTargetDependency */,
			);
			name = painttheworldTests;
			productName = painttheworldTests;
			productReference = EC9F7F6920EFF27B007294FD /* painttheworldTests.xctest */;
			productType = "com.apple.product-type.bundle.unit-test";
		};
		EC9F7F7320EFF27B007294FD /* painttheworldUITests */ = {
			isa = PBXNativeTarget;
			buildConfigurationList = EC9F7F8320EFF27B007294FD /* Build configuration list for PBXNativeTarget "painttheworldUITests" */;
			buildPhases = (
				EC9F7F7020EFF27B007294FD /* Sources */,
				EC9F7F7120EFF27B007294FD /* Frameworks */,
				EC9F7F7220EFF27B007294FD /* Resources */,
			);
			buildRules = (
			);
			dependencies = (
				EC9F7F7620EFF27B007294FD /* PBXTargetDependency */,
			);
			name = painttheworldUITests;
			productName = painttheworldUITests;
			productReference = EC9F7F7420EFF27B007294FD /* painttheworldUITests.xctest */;
			productType = "com.apple.product-type.bundle.ui-testing";
		};
/* End PBXNativeTarget section */

/* Begin PBXProject section */
		EC9F7F4A20EFF279007294FD /* Project object */ = {
			isa = PBXProject;
			attributes = {
				LastSwiftUpdateCheck = 0940;
				LastUpgradeCheck = 0940;
				ORGANIZATIONNAME = "Johannes Millegård";
				TargetAttributes = {
					EC9F7F5120EFF279007294FD = {
						CreatedOnToolsVersion = 9.4;
						SystemCapabilities = {
							com.apple.BackgroundModes = {
								enabled = 1;
							};
							com.apple.Maps.iOS = {
								enabled = 1;
							};
						};
					};
					EC9F7F6820EFF27B007294FD = {
						CreatedOnToolsVersion = 9.4;
						TestTargetID = EC9F7F5120EFF279007294FD;
					};
					EC9F7F7320EFF27B007294FD = {
						CreatedOnToolsVersion = 9.4;
						TestTargetID = EC9F7F5120EFF279007294FD;
					};
				};
			};
			buildConfigurationList = EC9F7F4D20EFF279007294FD /* Build configuration list for PBXProject "painttheworld" */;
			compatibilityVersion = "Xcode 9.3";
			developmentRegion = en;
			hasScannedForEncodings = 0;
			knownRegions = (
				en,
				Base,
			);
			mainGroup = EC9F7F4920EFF279007294FD;
			productRefGroup = EC9F7F5320EFF279007294FD /* Products */;
			projectDirPath = "";
			projectRoot = "";
			targets = (
				EC9F7F5120EFF279007294FD /* painttheworld */,
				EC9F7F6820EFF27B007294FD /* painttheworldTests */,
				EC9F7F7320EFF27B007294FD /* painttheworldUITests */,
			);
		};
/* End PBXProject section */

/* Begin PBXResourcesBuildPhase section */
		EC9F7F5020EFF279007294FD /* Resources */ = {
			isa = PBXResourcesBuildPhase;
			buildActionMask = 2147483647;
			files = (
				EC9F7F6320EFF27B007294FD /* LaunchScreen.storyboard in Resources */,
				EC9F7F6020EFF27B007294FD /* Assets.xcassets in Resources */,
				EC9F7F5B20EFF279007294FD /* Main.storyboard in Resources */,
			);
			runOnlyForDeploymentPostprocessing = 0;
		};
		EC9F7F6720EFF27B007294FD /* Resources */ = {
			isa = PBXResourcesBuildPhase;
			buildActionMask = 2147483647;
			files = (
			);
			runOnlyForDeploymentPostprocessing = 0;
		};
		EC9F7F7220EFF27B007294FD /* Resources */ = {
			isa = PBXResourcesBuildPhase;
			buildActionMask = 2147483647;
			files = (
			);
			runOnlyForDeploymentPostprocessing = 0;
		};
/* End PBXResourcesBuildPhase section */

/* Begin PBXSourcesBuildPhase section */
		EC9F7F4E20EFF279007294FD /* Sources */ = {
			isa = PBXSourcesBuildPhase;
			buildActionMask = 2147483647;
			files = (
				EC9F7F8A20F006E0007294FD /* LocationManager.swift in Sources */,
				EC9F7F5E20EFF279007294FD /* painttheworld.xcdatamodeld in Sources */,
				EC9F7F5820EFF279007294FD /* ViewController.swift in Sources */,
				EC9F7F5620EFF279007294FD /* AppDelegate.swift in Sources */,
			);
			runOnlyForDeploymentPostprocessing = 0;
		};
		EC9F7F6520EFF27B007294FD /* Sources */ = {
			isa = PBXSourcesBuildPhase;
			buildActionMask = 2147483647;
			files = (
				EC9F7F6E20EFF27B007294FD /* painttheworldTests.swift in Sources */,
			);
			runOnlyForDeploymentPostprocessing = 0;
		};
		EC9F7F7020EFF27B007294FD /* Sources */ = {
			isa = PBXSourcesBuildPhase;
			buildActionMask = 2147483647;
			files = (
				EC9F7F7920EFF27B007294FD /* painttheworldUITests.swift in Sources */,
			);
			runOnlyForDeploymentPostprocessing = 0;
		};
/* End PBXSourcesBuildPhase section */

/* Begin PBXTargetDependency section */
		EC9F7F6B20EFF27B007294FD /* PBXTargetDependency */ = {
			isa = PBXTargetDependency;
			target = EC9F7F5120EFF279007294FD /* painttheworld */;
			targetProxy = EC9F7F6A20EFF27B007294FD /* PBXContainerItemProxy */;
		};
		EC9F7F7620EFF27B007294FD /* PBXTargetDependency */ = {
			isa = PBXTargetDependency;
			target = EC9F7F5120EFF279007294FD /* painttheworld */;
			targetProxy = EC9F7F7520EFF27B007294FD /* PBXContainerItemProxy */;
		};
/* End PBXTargetDependency section */

/* Begin PBXVariantGroup section */
		EC9F7F5920EFF279007294FD /* Main.storyboard */ = {
			isa = PBXVariantGroup;
			children = (
				EC9F7F5A20EFF279007294FD /* Base */,
			);
			name = Main.storyboard;
			sourceTree = "<group>";
		};
		EC9F7F6120EFF27B007294FD /* LaunchScreen.storyboard */ = {
			isa = PBXVariantGroup;
			children = (
				EC9F7F6220EFF27B007294FD /* Base */,
			);
			name = LaunchScreen.storyboard;
			sourceTree = "<group>";
		};
/* End PBXVariantGroup section */

/* Begin XCBuildConfiguration section */
		EC9F7F7B20EFF27B007294FD /* Debug */ = {
			isa = XCBuildConfiguration;
			buildSettings = {
				ALWAYS_SEARCH_USER_PATHS = NO;
				CLANG_ANALYZER_NONNULL = YES;
				CLANG_ANALYZER_NUMBER_OBJECT_CONVERSION = YES_AGGRESSIVE;
				CLANG_CXX_LANGUAGE_STANDARD = "gnu++14";
				CLANG_CXX_LIBRARY = "libc++";
				CLANG_ENABLE_MODULES = YES;
				CLANG_ENABLE_OBJC_ARC = YES;
				CLANG_ENABLE_OBJC_WEAK = YES;
				CLANG_WARN_BLOCK_CAPTURE_AUTORELEASING = YES;
				CLANG_WARN_BOOL_CONVERSION = YES;
				CLANG_WARN_COMMA = YES;
				CLANG_WARN_CONSTANT_CONVERSION = YES;
				CLANG_WARN_DEPRECATED_OBJC_IMPLEMENTATIONS = YES;
				CLANG_WARN_DIRECT_OBJC_ISA_USAGE = YES_ERROR;
				CLANG_WARN_DOCUMENTATION_COMMENTS = YES;
				CLANG_WARN_EMPTY_BODY = YES;
				CLANG_WARN_ENUM_CONVERSION = YES;
				CLANG_WARN_INFINITE_RECURSION = YES;
				CLANG_WARN_INT_CONVERSION = YES;
				CLANG_WARN_NON_LITERAL_NULL_CONVERSION = YES;
				CLANG_WARN_OBJC_IMPLICIT_RETAIN_SELF = YES;
				CLANG_WARN_OBJC_LITERAL_CONVERSION = YES;
				CLANG_WARN_OBJC_ROOT_CLASS = YES_ERROR;
				CLANG_WARN_RANGE_LOOP_ANALYSIS = YES;
				CLANG_WARN_STRICT_PROTOTYPES = YES;
				CLANG_WARN_SUSPICIOUS_MOVE = YES;
				CLANG_WARN_UNGUARDED_AVAILABILITY = YES_AGGRESSIVE;
				CLANG_WARN_UNREACHABLE_CODE = YES;
				CLANG_WARN__DUPLICATE_METHOD_MATCH = YES;
				CODE_SIGN_IDENTITY = "iPhone Developer";
				COPY_PHASE_STRIP = NO;
				DEBUG_INFORMATION_FORMAT = dwarf;
				ENABLE_STRICT_OBJC_MSGSEND = YES;
				ENABLE_TESTABILITY = YES;
				GCC_C_LANGUAGE_STANDARD = gnu11;
				GCC_DYNAMIC_NO_PIC = NO;
				GCC_NO_COMMON_BLOCKS = YES;
				GCC_OPTIMIZATION_LEVEL = 0;
				GCC_PREPROCESSOR_DEFINITIONS = (
					"DEBUG=1",
					"$(inherited)",
				);
				GCC_WARN_64_TO_32_BIT_CONVERSION = YES;
				GCC_WARN_ABOUT_RETURN_TYPE = YES_ERROR;
				GCC_WARN_UNDECLARED_SELECTOR = YES;
				GCC_WARN_UNINITIALIZED_AUTOS = YES_AGGRESSIVE;
				GCC_WARN_UNUSED_FUNCTION = YES;
				GCC_WARN_UNUSED_VARIABLE = YES;
				IPHONEOS_DEPLOYMENT_TARGET = 11.4;
				MTL_ENABLE_DEBUG_INFO = YES;
				ONLY_ACTIVE_ARCH = YES;
				SDKROOT = iphoneos;
				SWIFT_ACTIVE_COMPILATION_CONDITIONS = DEBUG;
				SWIFT_OPTIMIZATION_LEVEL = "-Onone";
			};
			name = Debug;
		};
		EC9F7F7C20EFF27B007294FD /* Release */ = {
			isa = XCBuildConfiguration;
			buildSettings = {
				ALWAYS_SEARCH_USER_PATHS = NO;
				CLANG_ANALYZER_NONNULL = YES;
				CLANG_ANALYZER_NUMBER_OBJECT_CONVERSION = YES_AGGRESSIVE;
				CLANG_CXX_LANGUAGE_STANDARD = "gnu++14";
				CLANG_CXX_LIBRARY = "libc++";
				CLANG_ENABLE_MODULES = YES;
				CLANG_ENABLE_OBJC_ARC = YES;
				CLANG_ENABLE_OBJC_WEAK = YES;
				CLANG_WARN_BLOCK_CAPTURE_AUTORELEASING = YES;
				CLANG_WARN_BOOL_CONVERSION = YES;
				CLANG_WARN_COMMA = YES;
				CLANG_WARN_CONSTANT_CONVERSION = YES;
				CLANG_WARN_DEPRECATED_OBJC_IMPLEMENTATIONS = YES;
				CLANG_WARN_DIRECT_OBJC_ISA_USAGE = YES_ERROR;
				CLANG_WARN_DOCUMENTATION_COMMENTS = YES;
				CLANG_WARN_EMPTY_BODY = YES;
				CLANG_WARN_ENUM_CONVERSION = YES;
				CLANG_WARN_INFINITE_RECURSION = YES;
				CLANG_WARN_INT_CONVERSION = YES;
				CLANG_WARN_NON_LITERAL_NULL_CONVERSION = YES;
				CLANG_WARN_OBJC_IMPLICIT_RETAIN_SELF = YES;
				CLANG_WARN_OBJC_LITERAL_CONVERSION = YES;
				CLANG_WARN_OBJC_ROOT_CLASS = YES_ERROR;
				CLANG_WARN_RANGE_LOOP_ANALYSIS = YES;
				CLANG_WARN_STRICT_PROTOTYPES = YES;
				CLANG_WARN_SUSPICIOUS_MOVE = YES;
				CLANG_WARN_UNGUARDED_AVAILABILITY = YES_AGGRESSIVE;
				CLANG_WARN_UNREACHABLE_CODE = YES;
				CLANG_WARN__DUPLICATE_METHOD_MATCH = YES;
				CODE_SIGN_IDENTITY = "iPhone Developer";
				COPY_PHASE_STRIP = NO;
				DEBUG_INFORMATION_FORMAT = "dwarf-with-dsym";
				ENABLE_NS_ASSERTIONS = NO;
				ENABLE_STRICT_OBJC_MSGSEND = YES;
				GCC_C_LANGUAGE_STANDARD = gnu11;
				GCC_NO_COMMON_BLOCKS = YES;
				GCC_WARN_64_TO_32_BIT_CONVERSION = YES;
				GCC_WARN_ABOUT_RETURN_TYPE = YES_ERROR;
				GCC_WARN_UNDECLARED_SELECTOR = YES;
				GCC_WARN_UNINITIALIZED_AUTOS = YES_AGGRESSIVE;
				GCC_WARN_UNUSED_FUNCTION = YES;
				GCC_WARN_UNUSED_VARIABLE = YES;
				IPHONEOS_DEPLOYMENT_TARGET = 11.4;
				MTL_ENABLE_DEBUG_INFO = NO;
				SDKROOT = iphoneos;
				SWIFT_COMPILATION_MODE = wholemodule;
				SWIFT_OPTIMIZATION_LEVEL = "-O";
				VALIDATE_PRODUCT = YES;
			};
			name = Release;
		};
		EC9F7F7E20EFF27B007294FD /* Debug */ = {
			isa = XCBuildConfiguration;
			buildSettings = {
				ASSETCATALOG_COMPILER_APPICON_NAME = AppIcon;
				CODE_SIGN_STYLE = Automatic;
				INFOPLIST_FILE = painttheworld/Info.plist;
				LD_RUNPATH_SEARCH_PATHS = (
					"$(inherited)",
					"@executable_path/Frameworks",
				);
				PRODUCT_BUNDLE_IDENTIFIER = com.johannes.painttheworld;
				PRODUCT_NAME = "$(TARGET_NAME)";
				SWIFT_VERSION = 4.0;
				TARGETED_DEVICE_FAMILY = "1,2";
			};
			name = Debug;
		};
		EC9F7F7F20EFF27B007294FD /* Release */ = {
			isa = XCBuildConfiguration;
			buildSettings = {
				ASSETCATALOG_COMPILER_APPICON_NAME = AppIcon;
				CODE_SIGN_STYLE = Automatic;
				INFOPLIST_FILE = painttheworld/Info.plist;
				LD_RUNPATH_SEARCH_PATHS = (
					"$(inherited)",
					"@executable_path/Frameworks",
				);
				PRODUCT_BUNDLE_IDENTIFIER = com.johannes.painttheworld;
				PRODUCT_NAME = "$(TARGET_NAME)";
				SWIFT_VERSION = 4.0;
				TARGETED_DEVICE_FAMILY = "1,2";
			};
			name = Release;
		};
		EC9F7F8120EFF27B007294FD /* Debug */ = {
			isa = XCBuildConfiguration;
			buildSettings = {
				ALWAYS_EMBED_SWIFT_STANDARD_LIBRARIES = YES;
				BUNDLE_LOADER = "$(TEST_HOST)";
				CODE_SIGN_STYLE = Automatic;
				INFOPLIST_FILE = painttheworldTests/Info.plist;
				LD_RUNPATH_SEARCH_PATHS = (
					"$(inherited)",
					"@executable_path/Frameworks",
					"@loader_path/Frameworks",
				);
				PRODUCT_BUNDLE_IDENTIFIER = com.johannes.painttheworldTests;
				PRODUCT_NAME = "$(TARGET_NAME)";
				SWIFT_VERSION = 4.0;
				TARGETED_DEVICE_FAMILY = "1,2";
				TEST_HOST = "$(BUILT_PRODUCTS_DIR)/painttheworld.app/painttheworld";
			};
			name = Debug;
		};
		EC9F7F8220EFF27B007294FD /* Release */ = {
			isa = XCBuildConfiguration;
			buildSettings = {
				ALWAYS_EMBED_SWIFT_STANDARD_LIBRARIES = YES;
				BUNDLE_LOADER = "$(TEST_HOST)";
				CODE_SIGN_STYLE = Automatic;
				INFOPLIST_FILE = painttheworldTests/Info.plist;
				LD_RUNPATH_SEARCH_PATHS = (
					"$(inherited)",
					"@executable_path/Frameworks",
					"@loader_path/Frameworks",
				);
				PRODUCT_BUNDLE_IDENTIFIER = com.johannes.painttheworldTests;
				PRODUCT_NAME = "$(TARGET_NAME)";
				SWIFT_VERSION = 4.0;
				TARGETED_DEVICE_FAMILY = "1,2";
				TEST_HOST = "$(BUILT_PRODUCTS_DIR)/painttheworld.app/painttheworld";
			};
			name = Release;
		};
		EC9F7F8420EFF27B007294FD /* Debug */ = {
			isa = XCBuildConfiguration;
			buildSettings = {
				ALWAYS_EMBED_SWIFT_STANDARD_LIBRARIES = YES;
				CODE_SIGN_STYLE = Automatic;
				INFOPLIST_FILE = painttheworldUITests/Info.plist;
				LD_RUNPATH_SEARCH_PATHS = (
					"$(inherited)",
					"@executable_path/Frameworks",
					"@loader_path/Frameworks",
				);
				PRODUCT_BUNDLE_IDENTIFIER = com.johannes.painttheworldUITests;
				PRODUCT_NAME = "$(TARGET_NAME)";
				SWIFT_VERSION = 4.0;
				TARGETED_DEVICE_FAMILY = "1,2";
				TEST_TARGET_NAME = painttheworld;
			};
			name = Debug;
		};
		EC9F7F8520EFF27B007294FD /* Release */ = {
			isa = XCBuildConfiguration;
			buildSettings = {
				ALWAYS_EMBED_SWIFT_STANDARD_LIBRARIES = YES;
				CODE_SIGN_STYLE = Automatic;
				INFOPLIST_FILE = painttheworldUITests/Info.plist;
				LD_RUNPATH_SEARCH_PATHS = (
					"$(inherited)",
					"@executable_path/Frameworks",
					"@loader_path/Frameworks",
				);
				PRODUCT_BUNDLE_IDENTIFIER = com.johannes.painttheworldUITests;
				PRODUCT_NAME = "$(TARGET_NAME)";
				SWIFT_VERSION = 4.0;
				TARGETED_DEVICE_FAMILY = "1,2";
				TEST_TARGET_NAME = painttheworld;
			};
			name = Release;
		};
/* End XCBuildConfiguration section */

/* Begin XCConfigurationList section */
		EC9F7F4D20EFF279007294FD /* Build configuration list for PBXProject "painttheworld" */ = {
			isa = XCConfigurationList;
			buildConfigurations = (
				EC9F7F7B20EFF27B007294FD /* Debug */,
				EC9F7F7C20EFF27B007294FD /* Release */,
			);
			defaultConfigurationIsVisible = 0;
			defaultConfigurationName = Release;
		};
		EC9F7F7D20EFF27B007294FD /* Build configuration list for PBXNativeTarget "painttheworld" */ = {
			isa = XCConfigurationList;
			buildConfigurations = (
				EC9F7F7E20EFF27B007294FD /* Debug */,
				EC9F7F7F20EFF27B007294FD /* Release */,
			);
			defaultConfigurationIsVisible = 0;
			defaultConfigurationName = Release;
		};
		EC9F7F8020EFF27B007294FD /* Build configuration list for PBXNativeTarget "painttheworldTests" */ = {
			isa = XCConfigurationList;
			buildConfigurations = (
				EC9F7F8120EFF27B007294FD /* Debug */,
				EC9F7F8220EFF27B007294FD /* Release */,
			);
			defaultConfigurationIsVisible = 0;
			defaultConfigurationName = Release;
		};
		EC9F7F8320EFF27B007294FD /* Build configuration list for PBXNativeTarget "painttheworldUITests" */ = {
			isa = XCConfigurationList;
			buildConfigurations = (
				EC9F7F8420EFF27B007294FD /* Debug */,
				EC9F7F8520EFF27B007294FD /* Release */,
			);
			defaultConfigurationIsVisible = 0;
			defaultConfigurationName = Release;
		};
/* End XCConfigurationList section */

/* Begin XCVersionGroup section */
		EC9F7F5C20EFF279007294FD /* painttheworld.xcdatamodeld */ = {
			isa = XCVersionGroup;
			children = (
				EC9F7F5D20EFF279007294FD /* painttheworld.xcdatamodel */,
			);
			currentVersion = EC9F7F5D20EFF279007294FD /* painttheworld.xcdatamodel */;
			path = painttheworld.xcdatamodeld;
			sourceTree = "<group>";
			versionGroupType = wrapper.xcdatamodel;
		};
/* End XCVersionGroup section */
	};
	rootObject = EC9F7F4A20EFF279007294FD /* Project object */;
}
